
Microsoft Visual Studio Solution File, Format Version 12.00
# Visual Studio Version 17
VisualStudioVersion = 17.3.32825.248
MinimumVisualStudioVersion = 10.0.40219.1
Project("{9A19103F-16F7-4668-BE54-9A1E7A4F7556}") = "Chat-app Client", "Chat-app Client\Chat-app Client.csproj", "{9398E58C-5FF7-4D37-8771-D6831E3ECE84}"
EndProject
Project("{9A19103F-16F7-4668-BE54-9A1E7A4F7556}") = "Communicator", "Communicator\Communicator.csproj", "{F365EE51-E430-4337-9FC1-F018B38B0B3A}"
EndProject
Project("{9A19103F-16F7-4668-BE54-9A1E7A4F7556}") = "Chat-app Server", "Chat-app Server\Chat-app Server.csproj", "{99D65DE9-5E8E-471E-8218-DA4364D33766}"
EndProject
Global
	GlobalSection(SolutionConfigurationPlatforms) = preSolution
		Debug|Any CPU = Debug|Any CPU
		Release|Any CPU = Release|Any CPU
	EndGlobalSection
	GlobalSection(ProjectConfigurationPlatforms) = postSolution
		{9398E58C-5FF7-4D37-8771-D6831E3ECE84}.Debug|Any CPU.ActiveCfg = Debug|Any CPU
		{9398E58C-5FF7-4D37-8771-D6831E3ECE84}.Debug|Any CPU.Build.0 = Debug|Any CPU
		{9398E58C-5FF7-4D37-8771-D6831E3ECE84}.Release|Any CPU.ActiveCfg = Release|Any CPU
		{9398E58C-5FF7-4D37-8771-D6831E3ECE84}.Release|Any CPU.Build.0 = Release|Any CPU
		{F365EE51-E430-4337-9FC1-F018B38B0B3A}.Debug|Any CPU.ActiveCfg = Debug|Any CPU
		{F365EE51-E430-4337-9FC1-F018B38B0B3A}.Debug|Any CPU.Build.0 = Debug|Any CPU
		{F365EE51-E430-4337-9FC1-F018B38B0B3A}.Release|Any CPU.ActiveCfg = Release|Any CPU
		{F365EE51-E430-4337-9FC1-F018B38B0B3A}.Release|Any CPU.Build.0 = Release|Any CPU
		{99D65DE9-5E8E-471E-8218-DA4364D33766}.Debug|Any CPU.ActiveCfg = Debug|Any CPU
		{99D65DE9-5E8E-471E-8218-DA4364D33766}.Debug|Any CPU.Build.0 = Debug|Any CPU
		{99D65DE9-5E8E-471E-8218-DA4364D33766}.Release|Any CPU.ActiveCfg = Release|Any CPU
		{99D65DE9-5E8E-471E-8218-DA4364D33766}.Release|Any CPU.Build.0 = Release|Any CPU
	EndGlobalSection
	GlobalSection(SolutionProperties) = preSolution
		HideSolutionNode = FALSE
	EndGlobalSection
	GlobalSection(ExtensibilityGlobals) = postSolution
		SolutionGuid = {A440391D-17B2-4C86-B2CD-72C28F70B2F3}
	EndGlobalSection
EndGlobal
